
Microsoft Visual Studio Solution File, Format Version 12.00
# Visual Studio Version 17
VisualStudioVersion = 17.10.35004.147
MinimumVisualStudioVersion = 10.0.40219.1
Project("{9A19103F-16F7-4668-BE54-9A1E7A4F7556}") = "PL", "PL\PL.csproj", "{E6751258-EC75-46C9-A0C7-8F2382D78AB8}"
EndProject
Project("{9A19103F-16F7-4668-BE54-9A1E7A4F7556}") = "DL", "DL\DL.csproj", "{039F64A3-488B-467B-A873-C9E23019F265}"
EndProject
Project("{9A19103F-16F7-4668-BE54-9A1E7A4F7556}") = "BL", "BL\BL.csproj", "{6A6B12C9-6F41-4BC6-9FB1-5326CF7024D4}"
EndProject
Project("{9A19103F-16F7-4668-BE54-9A1E7A4F7556}") = "DTO", "DTO\DTO.csproj", "{E5CBD5F9-5267-47C0-916A-995F5E2AEB89}"
EndProject
Project("{9A19103F-16F7-4668-BE54-9A1E7A4F7556}") = "Infrastructure", "Infrastructure\Infrastructure.csproj", "{8F6A9B03-8B7C-4591-9043-CD9D7D1551B3}"
EndProject
Project("{9A19103F-16F7-4668-BE54-9A1E7A4F7556}") = "InfrastructureTests", "InfrastructureTests\InfrastructureTests.csproj", "{6A415C76-04EB-45AE-8537-CC0F53B81F5E}"
EndProject
Project("{9A19103F-16F7-4668-BE54-9A1E7A4F7556}") = "PLTests", "PLTests\PLTests.csproj", "{EE1E171E-8D41-46B8-8004-A75CEF4C9DEA}"
EndProject
Project("{FAE04EC0-301F-11D3-BF4B-00C04F79EFBC}") = "DLTests", "DLTests\DLTests.csproj", "{4BA7F2C7-315A-4B7F-8575-BCCD97558111}"
EndProject
Global
	GlobalSection(SolutionConfigurationPlatforms) = preSolution
		Debug|Any CPU = Debug|Any CPU
		Release|Any CPU = Release|Any CPU
	EndGlobalSection
	GlobalSection(ProjectConfigurationPlatforms) = postSolution
		{E6751258-EC75-46C9-A0C7-8F2382D78AB8}.Debug|Any CPU.ActiveCfg = Debug|Any CPU
		{E6751258-EC75-46C9-A0C7-8F2382D78AB8}.Debug|Any CPU.Build.0 = Debug|Any CPU
		{E6751258-EC75-46C9-A0C7-8F2382D78AB8}.Release|Any CPU.ActiveCfg = Release|Any CPU
		{E6751258-EC75-46C9-A0C7-8F2382D78AB8}.Release|Any CPU.Build.0 = Release|Any CPU
		{039F64A3-488B-467B-A873-C9E23019F265}.Debug|Any CPU.ActiveCfg = Debug|Any CPU
		{039F64A3-488B-467B-A873-C9E23019F265}.Debug|Any CPU.Build.0 = Debug|Any CPU
		{039F64A3-488B-467B-A873-C9E23019F265}.Release|Any CPU.ActiveCfg = Release|Any CPU
		{039F64A3-488B-467B-A873-C9E23019F265}.Release|Any CPU.Build.0 = Release|Any CPU
		{6A6B12C9-6F41-4BC6-9FB1-5326CF7024D4}.Debug|Any CPU.ActiveCfg = Debug|Any CPU
		{6A6B12C9-6F41-4BC6-9FB1-5326CF7024D4}.Debug|Any CPU.Build.0 = Debug|Any CPU
		{6A6B12C9-6F41-4BC6-9FB1-5326CF7024D4}.Release|Any CPU.ActiveCfg = Release|Any CPU
		{6A6B12C9-6F41-4BC6-9FB1-5326CF7024D4}.Release|Any CPU.Build.0 = Release|Any CPU
		{E5CBD5F9-5267-47C0-916A-995F5E2AEB89}.Debug|Any CPU.ActiveCfg = Debug|Any CPU
		{E5CBD5F9-5267-47C0-916A-995F5E2AEB89}.Debug|Any CPU.Build.0 = Debug|Any CPU
		{E5CBD5F9-5267-47C0-916A-995F5E2AEB89}.Release|Any CPU.ActiveCfg = Release|Any CPU
		{E5CBD5F9-5267-47C0-916A-995F5E2AEB89}.Release|Any CPU.Build.0 = Release|Any CPU
		{8F6A9B03-8B7C-4591-9043-CD9D7D1551B3}.Debug|Any CPU.ActiveCfg = Debug|Any CPU
		{8F6A9B03-8B7C-4591-9043-CD9D7D1551B3}.Debug|Any CPU.Build.0 = Debug|Any CPU
		{8F6A9B03-8B7C-4591-9043-CD9D7D1551B3}.Release|Any CPU.ActiveCfg = Release|Any CPU
		{8F6A9B03-8B7C-4591-9043-CD9D7D1551B3}.Release|Any CPU.Build.0 = Release|Any CPU
		{6A415C76-04EB-45AE-8537-CC0F53B81F5E}.Debug|Any CPU.ActiveCfg = Debug|Any CPU
		{6A415C76-04EB-45AE-8537-CC0F53B81F5E}.Debug|Any CPU.Build.0 = Debug|Any CPU
		{6A415C76-04EB-45AE-8537-CC0F53B81F5E}.Release|Any CPU.ActiveCfg = Release|Any CPU
		{6A415C76-04EB-45AE-8537-CC0F53B81F5E}.Release|Any CPU.Build.0 = Release|Any CPU
		{EE1E171E-8D41-46B8-8004-A75CEF4C9DEA}.Debug|Any CPU.ActiveCfg = Debug|Any CPU
		{EE1E171E-8D41-46B8-8004-A75CEF4C9DEA}.Debug|Any CPU.Build.0 = Debug|Any CPU
		{EE1E171E-8D41-46B8-8004-A75CEF4C9DEA}.Release|Any CPU.ActiveCfg = Release|Any CPU
		{EE1E171E-8D41-46B8-8004-A75CEF4C9DEA}.Release|Any CPU.Build.0 = Release|Any CPU
		{4BA7F2C7-315A-4B7F-8575-BCCD97558111}.Debug|Any CPU.ActiveCfg = Debug|Any CPU
		{4BA7F2C7-315A-4B7F-8575-BCCD97558111}.Debug|Any CPU.Build.0 = Debug|Any CPU
		{4BA7F2C7-315A-4B7F-8575-BCCD97558111}.Release|Any CPU.ActiveCfg = Release|Any CPU
		{4BA7F2C7-315A-4B7F-8575-BCCD97558111}.Release|Any CPU.Build.0 = Release|Any CPU
	EndGlobalSection
	GlobalSection(SolutionProperties) = preSolution
		HideSolutionNode = FALSE
	EndGlobalSection
	GlobalSection(ExtensibilityGlobals) = postSolution
		SolutionGuid = {D11FED13-BF81-4EE2-A7D8-88B343E842ED}
	EndGlobalSection
EndGlobal
